// !$*UTF8*$!
{
	archiveVersion = 1;
	classes = {
	};
	objectVersion = 56;
	objects = {

/* Begin PBXBuildFile section */
		4CEEFA2809368CC6F9101EE6 /* Pods_WeatherToday.framework in Frameworks */ = {isa = PBXBuildFile; fileRef = 7CB3086DE8A5C3CD5A26EB33 /* Pods_WeatherToday.framework */; };
		E832F0082A1331B80000284F /* WeatherTableViewCell.swift in Sources */ = {isa = PBXBuildFile; fileRef = E832F0072A1331B80000284F /* WeatherTableViewCell.swift */; };
		E832F00C2A133E940000284F /* Country.swift in Sources */ = {isa = PBXBuildFile; fileRef = E832F00B2A133E940000284F /* Country.swift */; };
		E832F00F2A134B4D0000284F /* CityViewController.swift in Sources */ = {isa = PBXBuildFile; fileRef = E832F00E2A134B4D0000284F /* CityViewController.swift */; };
		E832F0112A134D990000284F /* CityTableViewCell.swift in Sources */ = {isa = PBXBuildFile; fileRef = E832F0102A134D990000284F /* CityTableViewCell.swift */; };
		E832F0132A1354950000284F /* CountryCityModel.swift in Sources */ = {isa = PBXBuildFile; fileRef = E832F0122A1354950000284F /* CountryCityModel.swift */; };
		E832F0162A135E410000284F /* DetailViewController.swift in Sources */ = {isa = PBXBuildFile; fileRef = E832F0152A135E410000284F /* DetailViewController.swift */; };
		E8C50FED2A0BCF2700217120 /* AppDelegate.swift in Sources */ = {isa = PBXBuildFile; fileRef = E8C50FEC2A0BCF2700217120 /* AppDelegate.swift */; };
		E8C50FEF2A0BCF2700217120 /* SceneDelegate.swift in Sources */ = {isa = PBXBuildFile; fileRef = E8C50FEE2A0BCF2700217120 /* SceneDelegate.swift */; };
		E8C50FF12A0BCF2700217120 /* ViewController.swift in Sources */ = {isa = PBXBuildFile; fileRef = E8C50FF02A0BCF2700217120 /* ViewController.swift */; };
		E8C50FF62A0BCF2700217120 /* Assets.xcassets in Resources */ = {isa = PBXBuildFile; fileRef = E8C50FF52A0BCF2700217120 /* Assets.xcassets */; };
/* End PBXBuildFile section */

/* Begin PBXFileReference section */
		7CB3086DE8A5C3CD5A26EB33 /* Pods_WeatherToday.framework */ = {isa = PBXFileReference; explicitFileType = wrapper.framework; includeInIndex = 0; path = Pods_WeatherToday.framework; sourceTree = BUILT_PRODUCTS_DIR; };
		8B87D8E495335AA0DB026034 /* Pods-WeatherToday.release.xcconfig */ = {isa = PBXFileReference; includeInIndex = 1; lastKnownFileType = text.xcconfig; name = "Pods-WeatherToday.release.xcconfig"; path = "Target Support Files/Pods-WeatherToday/Pods-WeatherToday.release.xcconfig"; sourceTree = "<group>"; };
		AE8524CF18C45208A5D749C8 /* Pods-WeatherToday.debug.xcconfig */ = {isa = PBXFileReference; includeInIndex = 1; lastKnownFileType = text.xcconfig; name = "Pods-WeatherToday.debug.xcconfig"; path = "Target Support Files/Pods-WeatherToday/Pods-WeatherToday.debug.xcconfig"; sourceTree = "<group>"; };
		E832F0072A1331B80000284F /* WeatherTableViewCell.swift */ = {isa = PBXFileReference; lastKnownFileType = sourcecode.swift; path = WeatherTableViewCell.swift; sourceTree = "<group>"; };
		E832F00B2A133E940000284F /* Country.swift */ = {isa = PBXFileReference; lastKnownFileType = sourcecode.swift; path = Country.swift; sourceTree = "<group>"; };
		E832F00E2A134B4D0000284F /* CityViewController.swift */ = {isa = PBXFileReference; lastKnownFileType = sourcecode.swift; path = CityViewController.swift; sourceTree = "<group>"; };
		E832F0102A134D990000284F /* CityTableViewCell.swift */ = {isa = PBXFileReference; lastKnownFileType = sourcecode.swift; path = CityTableViewCell.swift; sourceTree = "<group>"; };
		E832F0122A1354950000284F /* CountryCityModel.swift */ = {isa = PBXFileReference; lastKnownFileType = sourcecode.swift; path = CountryCityModel.swift; sourceTree = "<group>"; };
		E832F0152A135E410000284F /* DetailViewController.swift */ = {isa = PBXFileReference; lastKnownFileType = sourcecode.swift; path = DetailViewController.swift; sourceTree = "<group>"; };
		E8C50FE92A0BCF2700217120 /* WeatherToday.app */ = {isa = PBXFileReference; explicitFileType = wrapper.application; includeInIndex = 0; path = WeatherToday.app; sourceTree = BUILT_PRODUCTS_DIR; };
		E8C50FEC2A0BCF2700217120 /* AppDelegate.swift */ = {isa = PBXFileReference; lastKnownFileType = sourcecode.swift; path = AppDelegate.swift; sourceTree = "<group>"; };
		E8C50FEE2A0BCF2700217120 /* SceneDelegate.swift */ = {isa = PBXFileReference; lastKnownFileType = sourcecode.swift; path = SceneDelegate.swift; sourceTree = "<group>"; };
		E8C50FF02A0BCF2700217120 /* ViewController.swift */ = {isa = PBXFileReference; lastKnownFileType = sourcecode.swift; path = ViewController.swift; sourceTree = "<group>"; };
		E8C50FF52A0BCF2700217120 /* Assets.xcassets */ = {isa = PBXFileReference; lastKnownFileType = folder.assetcatalog; path = Assets.xcassets; sourceTree = "<group>"; };
		E8C50FFA2A0BCF2700217120 /* Info.plist */ = {isa = PBXFileReference; lastKnownFileType = text.plist.xml; path = Info.plist; sourceTree = "<group>"; };
/* End PBXFileReference section */

/* Begin PBXFrameworksBuildPhase section */
		E8C50FE62A0BCF2700217120 /* Frameworks */ = {
			isa = PBXFrameworksBuildPhase;
			buildActionMask = 2147483647;
			files = (
				4CEEFA2809368CC6F9101EE6 /* Pods_WeatherToday.framework in Frameworks */,
			);
			runOnlyForDeploymentPostprocessing = 0;
		};
/* End PBXFrameworksBuildPhase section */

/* Begin PBXGroup section */
		2EF8EBECCC302B829C904173 /* Frameworks */ = {
			isa = PBXGroup;
			children = (
				7CB3086DE8A5C3CD5A26EB33 /* Pods_WeatherToday.framework */,
			);
			name = Frameworks;
			sourceTree = "<group>";
		};
		B0F7270EB980B2B6F94031BE /* Pods */ = {
			isa = PBXGroup;
			children = (
				AE8524CF18C45208A5D749C8 /* Pods-WeatherToday.debug.xcconfig */,
				8B87D8E495335AA0DB026034 /* Pods-WeatherToday.release.xcconfig */,
			);
			path = Pods;
			sourceTree = "<group>";
		};
		E832F0092A133E640000284F /* mainView */ = {
			isa = PBXGroup;
			children = (
				E832F0072A1331B80000284F /* WeatherTableViewCell.swift */,
				E8C50FF02A0BCF2700217120 /* ViewController.swift */,
			);
			path = mainView;
			sourceTree = "<group>";
		};
		E832F00A2A133E800000284F /* Model */ = {
			isa = PBXGroup;
			children = (
				E832F00B2A133E940000284F /* Country.swift */,
				E832F0122A1354950000284F /* CountryCityModel.swift */,
			);
			path = Model;
			sourceTree = "<group>";
		};
		E832F00D2A134B1C0000284F /* countryCityView */ = {
			isa = PBXGroup;
			children = (
				E832F00E2A134B4D0000284F /* CityViewController.swift */,
				E832F0102A134D990000284F /* CityTableViewCell.swift */,
			);
			path = countryCityView;
			sourceTree = "<group>";
		};
		E832F0142A135DF70000284F /* DetailView */ = {
			isa = PBXGroup;
			children = (
				E832F0152A135E410000284F /* DetailViewController.swift */,
			);
			path = DetailView;
			sourceTree = "<group>";
		};
		E8C50FE02A0BCF2700217120 = {
			isa = PBXGroup;
			children = (
				E8C50FEB2A0BCF2700217120 /* WeatherToday */,
				E8C50FEA2A0BCF2700217120 /* Products */,
				B0F7270EB980B2B6F94031BE /* Pods */,
				2EF8EBECCC302B829C904173 /* Frameworks */,
			);
			sourceTree = "<group>";
		};
		E8C50FEA2A0BCF2700217120 /* Products */ = {
			isa = PBXGroup;
			children = (
				E8C50FE92A0BCF2700217120 /* WeatherToday.app */,
			);
			name = Products;
			sourceTree = "<group>";
		};
		E8C50FEB2A0BCF2700217120 /* WeatherToday */ = {
			isa = PBXGroup;
			children = (
				E832F00A2A133E800000284F /* Model */,
				E832F0092A133E640000284F /* mainView */,
				E832F00D2A134B1C0000284F /* countryCityView */,
				E832F0142A135DF70000284F /* DetailView */,
				E8C50FEC2A0BCF2700217120 /* AppDelegate.swift */,
				E8C50FEE2A0BCF2700217120 /* SceneDelegate.swift */,
				E8C50FF52A0BCF2700217120 /* Assets.xcassets */,
				E8C50FFA2A0BCF2700217120 /* Info.plist */,
			);
			path = WeatherToday;
			sourceTree = "<group>";
		};
/* End PBXGroup section */

/* Begin PBXNativeTarget section */
		E8C50FE82A0BCF2700217120 /* WeatherToday */ = {
			isa = PBXNativeTarget;
			buildConfigurationList = E8C50FFD2A0BCF2700217120 /* Build configuration list for PBXNativeTarget "WeatherToday" */;
			buildPhases = (
				DFFAED2722141A663707AEEB /* [CP] Check Pods Manifest.lock */,
				E8C50FE52A0BCF2700217120 /* Sources */,
				E8C50FE62A0BCF2700217120 /* Frameworks */,
				E8C50FE72A0BCF2700217120 /* Resources */,
				AA6B231298B70190F4F31E9F /* [CP] Embed Pods Frameworks */,
			);
			buildRules = (
			);
			dependencies = (
			);
			name = WeatherToday;
			productName = WeatherToday;
			productReference = E8C50FE92A0BCF2700217120 /* WeatherToday.app */;
			productType = "com.apple.product-type.application";
		};
/* End PBXNativeTarget section */

/* Begin PBXProject section */
		E8C50FE12A0BCF2700217120 /* Project object */ = {
			isa = PBXProject;
			attributes = {
				BuildIndependentTargetsInParallel = 1;
				LastSwiftUpdateCheck = 1420;
				LastUpgradeCheck = 1420;
				TargetAttributes = {
					E8C50FE82A0BCF2700217120 = {
						CreatedOnToolsVersion = 14.2;
					};
				};
			};
			buildConfigurationList = E8C50FE42A0BCF2700217120 /* Build configuration list for PBXProject "WeatherToday" */;
			compatibilityVersion = "Xcode 14.0";
			developmentRegion = en;
			hasScannedForEncodings = 0;
			knownRegions = (
				en,
				Base,
			);
			mainGroup = E8C50FE02A0BCF2700217120;
			productRefGroup = E8C50FEA2A0BCF2700217120 /* Products */;
			projectDirPath = "";
			projectRoot = "";
			targets = (
				E8C50FE82A0BCF2700217120 /* WeatherToday */,
			);
		};
/* End PBXProject section */

/* Begin PBXResourcesBuildPhase section */
		E8C50FE72A0BCF2700217120 /* Resources */ = {
			isa = PBXResourcesBuildPhase;
			buildActionMask = 2147483647;
			files = (
				E8C50FF62A0BCF2700217120 /* Assets.xcassets in Resources */,
			);
			runOnlyForDeploymentPostprocessing = 0;
		};
/* End PBXResourcesBuildPhase section */

/* Begin PBXShellScriptBuildPhase section */
		AA6B231298B70190F4F31E9F /* [CP] Embed Pods Frameworks */ = {
			isa = PBXShellScriptBuildPhase;
			buildActionMask = 2147483647;
			files = (
			);
			inputFileListPaths = (
				"${PODS_ROOT}/Target Support Files/Pods-WeatherToday/Pods-WeatherToday-frameworks-${CONFIGURATION}-input-files.xcfilelist",
			);
			name = "[CP] Embed Pods Frameworks";
			outputFileListPaths = (
				"${PODS_ROOT}/Target Support Files/Pods-WeatherToday/Pods-WeatherToday-frameworks-${CONFIGURATION}-output-files.xcfilelist",
			);
			runOnlyForDeploymentPostprocessing = 0;
			shellPath = /bin/sh;
			shellScript = "\"${PODS_ROOT}/Target Support Files/Pods-WeatherToday/Pods-WeatherToday-frameworks.sh\"\n";
			showEnvVarsInLog = 0;
		};
		DFFAED2722141A663707AEEB /* [CP] Check Pods Manifest.lock */ = {
			isa = PBXShellScriptBuildPhase;
			buildActionMask = 2147483647;
			files = (
			);
			inputFileListPaths = (
			);
			inputPaths = (
				"${PODS_PODFILE_DIR_PATH}/Podfile.lock",
				"${PODS_ROOT}/Manifest.lock",
			);
			name = "[CP] Check Pods Manifest.lock";
			outputFileListPaths = (
			);
			outputPaths = (
				"$(DERIVED_FILE_DIR)/Pods-WeatherToday-checkManifestLockResult.txt",
			);
			runOnlyForDeploymentPostprocessing = 0;
			shellPath = /bin/sh;
			shellScript = "diff \"${PODS_PODFILE_DIR_PATH}/Podfile.lock\" \"${PODS_ROOT}/Manifest.lock\" > /dev/null\nif [ $? != 0 ] ; then\n    # print error to STDERR\n    echo \"error: The sandbox is not in sync with the Podfile.lock. Run 'pod install' or update your CocoaPods installation.\" >&2\n    exit 1\nfi\n# This output is used by Xcode 'outputs' to avoid re-running this script phase.\necho \"SUCCESS\" > \"${SCRIPT_OUTPUT_FILE_0}\"\n";
			showEnvVarsInLog = 0;
		};
/* End PBXShellScriptBuildPhase section */

/* Begin PBXSourcesBuildPhase section */
		E8C50FE52A0BCF2700217120 /* Sources */ = {
			isa = PBXSourcesBuildPhase;
			buildActionMask = 2147483647;
			files = (
				E832F0162A135E410000284F /* DetailViewController.swift in Sources */,
				E832F0082A1331B80000284F /* WeatherTableViewCell.swift in Sources */,
				E832F0112A134D990000284F /* CityTableViewCell.swift in Sources */,
				E8C50FF12A0BCF2700217120 /* ViewController.swift in Sources */,
				E8C50FED2A0BCF2700217120 /* AppDelegate.swift in Sources */,
				E832F00C2A133E940000284F /* Country.swift in Sources */,
				E8C50FEF2A0BCF2700217120 /* SceneDelegate.swift in Sources */,
				E832F00F2A134B4D0000284F /* CityViewController.swift in Sources */,
				E832F0132A1354950000284F /* CountryCityModel.swift in Sources */,
			);
			runOnlyForDeploymentPostprocessing = 0;
		};
/* End PBXSourcesBuildPhase section */

/* Begin XCBuildConfiguration section */
		E8C50FFB2A0BCF2700217120 /* Debug */ = {
			isa = XCBuildConfiguration;
			buildSettings = {
				ALWAYS_SEARCH_USER_PATHS = NO;
				CLANG_ANALYZER_NONNULL = YES;
				CLANG_ANALYZER_NUMBER_OBJECT_CONVERSION = YES_AGGRESSIVE;
				CLANG_CXX_LANGUAGE_STANDARD = "gnu++20";
				CLANG_ENABLE_MODULES = YES;
				CLANG_ENABLE_OBJC_ARC = YES;
				CLANG_ENABLE_OBJC_WEAK = YES;
				CLANG_WARN_BLOCK_CAPTURE_AUTORELEASING = YES;
				CLANG_WARN_BOOL_CONVERSION = YES;
				CLANG_WARN_COMMA = YES;
				CLANG_WARN_CONSTANT_CONVERSION = YES;
				CLANG_WARN_DEPRECATED_OBJC_IMPLEMENTATIONS = YES;
				CLANG_WARN_DIRECT_OBJC_ISA_USAGE = YES_ERROR;
				CLANG_WARN_DOCUMENTATION_COMMENTS = YES;
				CLANG_WARN_EMPTY_BODY = YES;
				CLANG_WARN_ENUM_CONVERSION = YES;
				CLANG_WARN_INFINITE_RECURSION = YES;
				CLANG_WARN_INT_CONVERSION = YES;
				CLANG_WARN_NON_LITERAL_NULL_CONVERSION = YES;
				CLANG_WARN_OBJC_IMPLICIT_RETAIN_SELF = YES;
				CLANG_WARN_OBJC_LITERAL_CONVERSION = YES;
				CLANG_WARN_OBJC_ROOT_CLASS = YES_ERROR;
				CLANG_WARN_QUOTED_INCLUDE_IN_FRAMEWORK_HEADER = YES;
				CLANG_WARN_RANGE_LOOP_ANALYSIS = YES;
				CLANG_WARN_STRICT_PROTOTYPES = YES;
				CLANG_WARN_SUSPICIOUS_MOVE = YES;
				CLANG_WARN_UNGUARDED_AVAILABILITY = YES_AGGRESSIVE;
				CLANG_WARN_UNREACHABLE_CODE = YES;
				CLANG_WARN__DUPLICATE_METHOD_MATCH = YES;
				COPY_PHASE_STRIP = NO;
				DEBUG_INFORMATION_FORMAT = dwarf;
				ENABLE_STRICT_OBJC_MSGSEND = YES;
				ENABLE_TESTABILITY = YES;
				GCC_C_LANGUAGE_STANDARD = gnu11;
				GCC_DYNAMIC_NO_PIC = NO;
				GCC_NO_COMMON_BLOCKS = YES;
				GCC_OPTIMIZATION_LEVEL = 0;
				GCC_PREPROCESSOR_DEFINITIONS = (
					"DEBUG=1",
					"$(inherited)",
				);
				GCC_WARN_64_TO_32_BIT_CONVERSION = YES;
				GCC_WARN_ABOUT_RETURN_TYPE = YES_ERROR;
				GCC_WARN_UNDECLARED_SELECTOR = YES;
				GCC_WARN_UNINITIALIZED_AUTOS = YES_AGGRESSIVE;
				GCC_WARN_UNUSED_FUNCTION = YES;
				GCC_WARN_UNUSED_VARIABLE = YES;
				IPHONEOS_DEPLOYMENT_TARGET = 16.2;
				MTL_ENABLE_DEBUG_INFO = INCLUDE_SOURCE;
				MTL_FAST_MATH = YES;
				ONLY_ACTIVE_ARCH = YES;
				SDKROOT = iphoneos;
				SWIFT_ACTIVE_COMPILATION_CONDITIONS = DEBUG;
				SWIFT_OPTIMIZATION_LEVEL = "-Onone";
			};
			name = Debug;
		};
		E8C50FFC2A0BCF2700217120 /* Release */ = {
			isa = XCBuildConfiguration;
			buildSettings = {
				ALWAYS_SEARCH_USER_PATHS = NO;
				CLANG_ANALYZER_NONNULL = YES;
				CLANG_ANALYZER_NUMBER_OBJECT_CONVERSION = YES_AGGRESSIVE;
				CLANG_CXX_LANGUAGE_STANDARD = "gnu++20";
				CLANG_ENABLE_MODULES = YES;
				CLANG_ENABLE_OBJC_ARC = YES;
				CLANG_ENABLE_OBJC_WEAK = YES;
				CLANG_WARN_BLOCK_CAPTURE_AUTORELEASING = YES;
				CLANG_WARN_BOOL_CONVERSION = YES;
				CLANG_WARN_COMMA = YES;
				CLANG_WARN_CONSTANT_CONVERSION = YES;
				CLANG_WARN_DEPRECATED_OBJC_IMPLEMENTATIONS = YES;
				CLANG_WARN_DIRECT_OBJC_ISA_USAGE = YES_ERROR;
				CLANG_WARN_DOCUMENTATION_COMMENTS = YES;
				CLANG_WARN_EMPTY_BODY = YES;
				CLANG_WARN_ENUM_CONVERSION = YES;
				CLANG_WARN_INFINITE_RECURSION = YES;
				CLANG_WARN_INT_CONVERSION = YES;
				CLANG_WARN_NON_LITERAL_NULL_CONVERSION = YES;
				CLANG_WARN_OBJC_IMPLICIT_RETAIN_SELF = YES;
				CLANG_WARN_OBJC_LITERAL_CONVERSION = YES;
				CLANG_WARN_OBJC_ROOT_CLASS = YES_ERROR;
				CLANG_WARN_QUOTED_INCLUDE_IN_FRAMEWORK_HEADER = YES;
				CLANG_WARN_RANGE_LOOP_ANALYSIS = YES;
				CLANG_WARN_STRICT_PROTOTYPES = YES;
				CLANG_WARN_SUSPICIOUS_MOVE = YES;
				CLANG_WARN_UNGUARDED_AVAILABILITY = YES_AGGRESSIVE;
				CLANG_WARN_UNREACHABLE_CODE = YES;
				CLANG_WARN__DUPLICATE_METHOD_MATCH = YES;
				COPY_PHASE_STRIP = NO;
				DEBUG_INFORMATION_FORMAT = "dwarf-with-dsym";
				ENABLE_NS_ASSERTIONS = NO;
				ENABLE_STRICT_OBJC_MSGSEND = YES;
				GCC_C_LANGUAGE_STANDARD = gnu11;
				GCC_NO_COMMON_BLOCKS = YES;
				GCC_WARN_64_TO_32_BIT_CONVERSION = YES;
				GCC_WARN_ABOUT_RETURN_TYPE = YES_ERROR;
				GCC_WARN_UNDECLARED_SELECTOR = YES;
				GCC_WARN_UNINITIALIZED_AUTOS = YES_AGGRESSIVE;
				GCC_WARN_UNUSED_FUNCTION = YES;
				GCC_WARN_UNUSED_VARIABLE = YES;
				IPHONEOS_DEPLOYMENT_TARGET = 16.2;
				MTL_ENABLE_DEBUG_INFO = NO;
				MTL_FAST_MATH = YES;
				SDKROOT = iphoneos;
				SWIFT_COMPILATION_MODE = wholemodule;
				SWIFT_OPTIMIZATION_LEVEL = "-O";
				VALIDATE_PRODUCT = YES;
			};
			name = Release;
		};
		E8C50FFE2A0BCF2700217120 /* Debug */ = {
			isa = XCBuildConfiguration;
			baseConfigurationReference = AE8524CF18C45208A5D749C8 /* Pods-WeatherToday.debug.xcconfig */;
			buildSettings = {
				ASSETCATALOG_COMPILER_APPICON_NAME = AppIcon;
				ASSETCATALOG_COMPILER_GLOBAL_ACCENT_COLOR_NAME = AccentColor;
				CODE_SIGN_STYLE = Automatic;
				CURRENT_PROJECT_VERSION = 1;
				GENERATE_INFOPLIST_FILE = YES;
				INFOPLIST_FILE = WeatherToday/Info.plist;
				INFOPLIST_KEY_UIApplicationSupportsIndirectInputEvents = YES;
				INFOPLIST_KEY_UILaunchStoryboardName = LaunchScreen;
				INFOPLIST_KEY_UIStatusBarStyle = UIStatusBarStyleLightContent;
				INFOPLIST_KEY_UISupportedInterfaceOrientations_iPad = "UIInterfaceOrientationPortrait UIInterfaceOrientationPortraitUpsideDown UIInterfaceOrientationLandscapeLeft UIInterfaceOrientationLandscapeRight";
				INFOPLIST_KEY_UISupportedInterfaceOrientations_iPhone = "UIInterfaceOrientationPortrait UIInterfaceOrientationLandscapeLeft UIInterfaceOrientationLandscapeRight";
				LD_RUNPATH_SEARCH_PATHS = (
					"$(inherited)",
					"@executable_path/Frameworks",
				);
				MARKETING_VERSION = 1.0;
				PRODUCT_BUNDLE_IDENTIFIER = com.MaraMincho.WeatherToday;
				PRODUCT_NAME = "$(TARGET_NAME)";
				SWIFT_EMIT_LOC_STRINGS = YES;
				SWIFT_VERSION = 5.0;
				TARGETED_DEVICE_FAMILY = "1,2";
			};
			name = Debug;
		};
		E8C50FFF2A0BCF2700217120 /* Release */ = {
			isa = XCBuildConfiguration;
			baseConfigurationReference = 8B87D8E495335AA0DB026034 /* Pods-WeatherToday.release.xcconfig */;
			buildSettings = {
				ASSETCATALOG_COMPILER_APPICON_NAME = AppIcon;
				ASSETCATALOG_COMPILER_GLOBAL_ACCENT_COLOR_NAME = AccentColor;
				CODE_SIGN_STYLE = Automatic;
				CURRENT_PROJECT_VERSION = 1;
				GENERATE_INFOPLIST_FILE = YES;
				INFOPLIST_FILE = WeatherToday/Info.plist;
				INFOPLIST_KEY_UIApplicationSupportsIndirectInputEvents = YES;
				INFOPLIST_KEY_UILaunchStoryboardName = LaunchScreen;
				INFOPLIST_KEY_UIStatusBarStyle = UIStatusBarStyleLightContent;
				INFOPLIST_KEY_UISupportedInterfaceOrientations_iPad = "UIInterfaceOrientationPortrait UIInterfaceOrientationPortraitUpsideDown UIInterfaceOrientationLandscapeLeft UIInterfaceOrientationLandscapeRight";
				INFOPLIST_KEY_UISupportedInterfaceOrientations_iPhone = "UIInterfaceOrientationPortrait UIInterfaceOrientationLandscapeLeft UIInterfaceOrientationLandscapeRight";
				LD_RUNPATH_SEARCH_PATHS = (
					"$(inherited)",
					"@executable_path/Frameworks",
				);
				MARKETING_VERSION = 1.0;
				PRODUCT_BUNDLE_IDENTIFIER = com.MaraMincho.WeatherToday;
				PRODUCT_NAME = "$(TARGET_NAME)";
				SWIFT_EMIT_LOC_STRINGS = YES;
				SWIFT_VERSION = 5.0;
				TARGETED_DEVICE_FAMILY = "1,2";
			};
			name = Release;
		};
/* End XCBuildConfiguration section */

/* Begin XCConfigurationList section */
		E8C50FE42A0BCF2700217120 /* Build configuration list for PBXProject "WeatherToday" */ = {
			isa = XCConfigurationList;
			buildConfigurations = (
				E8C50FFB2A0BCF2700217120 /* Debug */,
				E8C50FFC2A0BCF2700217120 /* Release */,
			);
			defaultConfigurationIsVisible = 0;
			defaultConfigurationName = Release;
		};
		E8C50FFD2A0BCF2700217120 /* Build configuration list for PBXNativeTarget "WeatherToday" */ = {
			isa = XCConfigurationList;
			buildConfigurations = (
				E8C50FFE2A0BCF2700217120 /* Debug */,
				E8C50FFF2A0BCF2700217120 /* Release */,
			);
			defaultConfigurationIsVisible = 0;
			defaultConfigurationName = Release;
		};
/* End XCConfigurationList section */
	};
	rootObject = E8C50FE12A0BCF2700217120 /* Project object */;
}
